
Microsoft Visual Studio Solution File, Format Version 12.00
# Visual Studio Version 17
VisualStudioVersion = 17.10.35004.147
MinimumVisualStudioVersion = 10.0.40219.1
Project("{9092AA53-FB77-4645-B42D-1CCCA6BD08BD}") = "NodejsConsoleApp4", "NodejsConsoleApp4\NodejsConsoleApp4.njsproj", "{0E2FFDB9-4F0A-476E-86E3-0AB499BB25C8}"
EndProject
Global
	GlobalSection(SolutionConfigurationPlatforms) = preSolution
		Debug|Any CPU = Debug|Any CPU
		Release|Any CPU = Release|Any CPU
	EndGlobalSection
	GlobalSection(ProjectConfigurationPlatforms) = postSolution
		{0E2FFDB9-4F0A-476E-86E3-0AB499BB25C8}.Debug|Any CPU.ActiveCfg = Debug|Any CPU
		{0E2FFDB9-4F0A-476E-86E3-0AB499BB25C8}.Debug|Any CPU.Build.0 = Debug|Any CPU
		{0E2FFDB9-4F0A-476E-86E3-0AB499BB25C8}.Release|Any CPU.ActiveCfg = Release|Any CPU
		{0E2FFDB9-4F0A-476E-86E3-0AB499BB25C8}.Release|Any CPU.Build.0 = Release|Any CPU
	EndGlobalSection
	GlobalSection(SolutionProperties) = preSolution
		HideSolutionNode = FALSE
	EndGlobalSection
	GlobalSection(ExtensibilityGlobals) = postSolution
		SolutionGuid = {E2351096-61D9-4392-9117-2EC4ABC98CD0}
	EndGlobalSection
EndGlobal
